
Microsoft Visual Studio Solution File, Format Version 12.00
# Visual Studio Version 16
VisualStudioVersion = 16.0.30011.22
MinimumVisualStudioVersion = 10.0.40219.1
Project("{FAE04EC0-301F-11D3-BF4B-00C04F79EFBC}") = "EntityFrameworkDemo", "EntityFrameworkDemo\EntityFrameworkDemo.csproj", "{48BC24D7-3A92-43EB-90D1-B17D4DAB9C61}"
EndProject
Project("{FAE04EC0-301F-11D3-BF4B-00C04F79EFBC}") = "Deneme", "..\AdoNetDemo\Deneme\Deneme.csproj", "{AF1D4110-337D-48C3-BE82-95B7DB217F1D}"
EndProject
Project("{FAE04EC0-301F-11D3-BF4B-00C04F79EFBC}") = "AdoNetDemo", "..\AdoNetDemo\AdoNetDemo\AdoNetDemo.csproj", "{F6F142BE-59E5-4E27-ADCB-795FE323858A}"
EndProject
Global
	GlobalSection(SolutionConfigurationPlatforms) = preSolution
		Debug|Any CPU = Debug|Any CPU
		Release|Any CPU = Release|Any CPU
	EndGlobalSection
	GlobalSection(ProjectConfigurationPlatforms) = postSolution
		{48BC24D7-3A92-43EB-90D1-B17D4DAB9C61}.Debug|Any CPU.ActiveCfg = Debug|Any CPU
		{48BC24D7-3A92-43EB-90D1-B17D4DAB9C61}.Debug|Any CPU.Build.0 = Debug|Any CPU
		{48BC24D7-3A92-43EB-90D1-B17D4DAB9C61}.Release|Any CPU.ActiveCfg = Release|Any CPU
		{48BC24D7-3A92-43EB-90D1-B17D4DAB9C61}.Release|Any CPU.Build.0 = Release|Any CPU
		{AF1D4110-337D-48C3-BE82-95B7DB217F1D}.Debug|Any CPU.ActiveCfg = Debug|Any CPU
		{AF1D4110-337D-48C3-BE82-95B7DB217F1D}.Debug|Any CPU.Build.0 = Debug|Any CPU
		{AF1D4110-337D-48C3-BE82-95B7DB217F1D}.Release|Any CPU.ActiveCfg = Release|Any CPU
		{AF1D4110-337D-48C3-BE82-95B7DB217F1D}.Release|Any CPU.Build.0 = Release|Any CPU
		{F6F142BE-59E5-4E27-ADCB-795FE323858A}.Debug|Any CPU.ActiveCfg = Debug|Any CPU
		{F6F142BE-59E5-4E27-ADCB-795FE323858A}.Debug|Any CPU.Build.0 = Debug|Any CPU
		{F6F142BE-59E5-4E27-ADCB-795FE323858A}.Release|Any CPU.ActiveCfg = Release|Any CPU
		{F6F142BE-59E5-4E27-ADCB-795FE323858A}.Release|Any CPU.Build.0 = Release|Any CPU
	EndGlobalSection
	GlobalSection(SolutionProperties) = preSolution
		HideSolutionNode = FALSE
	EndGlobalSection
	GlobalSection(ExtensibilityGlobals) = postSolution
		SolutionGuid = {E327E583-3D2F-4ED6-8887-7733266933E8}
	EndGlobalSection
EndGlobal
